// !$*UTF8*$!
{
	archiveVersion = 1;
	classes = {
	};
	objectVersion = 46;
	objects = {

/* Begin PBXBuildFile section */
		CBBA56D413EB026E00803183 /* Cocoa.framework in Frameworks */ = {isa = PBXBuildFile; fileRef = CBBA56D313EB026E00803183 /* Cocoa.framework */; };
		CBBA56DE13EB026E00803183 /* InfoPlist.strings in Resources */ = {isa = PBXBuildFile; fileRef = CBBA56DC13EB026E00803183 /* InfoPlist.strings */; };
		CBBA56EB13EB028100803183 /* Cocoa.framework in Frameworks */ = {isa = PBXBuildFile; fileRef = CBBA56D313EB026E00803183 /* Cocoa.framework */; };
		CBBA56F113EB028100803183 /* InfoPlist.strings in Resources */ = {isa = PBXBuildFile; fileRef = CBBA56EF13EB028100803183 /* InfoPlist.strings */; };
		CBBA56F313EB028100803183 /* main.m in Sources */ = {isa = PBXBuildFile; fileRef = CBBA56F213EB028100803183 /* main.m */; };
		CBBA56F713EB028100803183 /* Credits.rtf in Resources */ = {isa = PBXBuildFile; fileRef = CBBA56F513EB028100803183 /* Credits.rtf */; };
		CBBA56FA13EB028100803183 /* TestAppAppDelegate.m in Sources */ = {isa = PBXBuildFile; fileRef = CBBA56F913EB028100803183 /* TestAppAppDelegate.m */; };
		CBBA56FD13EB028100803183 /* MainMenu.xib in Resources */ = {isa = PBXBuildFile; fileRef = CBBA56FB13EB028100803183 /* MainMenu.xib */; };
/* End PBXBuildFile section */

/* Begin PBXFileReference section */
		CBBA56D013EB026E00803183 /* SimpleNet.framework */ = {isa = PBXFileReference; explicitFileType = wrapper.framework; includeInIndex = 0; path = SimpleNet.framework; sourceTree = BUILT_PRODUCTS_DIR; };
		CBBA56D313EB026E00803183 /* Cocoa.framework */ = {isa = PBXFileReference; lastKnownFileType = wrapper.framework; name = Cocoa.framework; path = System/Library/Frameworks/Cocoa.framework; sourceTree = SDKROOT; };
		CBBA56D613EB026E00803183 /* AppKit.framework */ = {isa = PBXFileReference; lastKnownFileType = wrapper.framework; name = AppKit.framework; path = System/Library/Frameworks/AppKit.framework; sourceTree = SDKROOT; };
		CBBA56D713EB026E00803183 /* CoreData.framework */ = {isa = PBXFileReference; lastKnownFileType = wrapper.framework; name = CoreData.framework; path = System/Library/Frameworks/CoreData.framework; sourceTree = SDKROOT; };
		CBBA56D813EB026E00803183 /* Foundation.framework */ = {isa = PBXFileReference; lastKnownFileType = wrapper.framework; name = Foundation.framework; path = System/Library/Frameworks/Foundation.framework; sourceTree = SDKROOT; };
		CBBA56DB13EB026E00803183 /* SimpleNet-Info.plist */ = {isa = PBXFileReference; lastKnownFileType = text.plist.xml; path = "SimpleNet-Info.plist"; sourceTree = "<group>"; };
		CBBA56DD13EB026E00803183 /* en */ = {isa = PBXFileReference; lastKnownFileType = text.plist.strings; name = en; path = en.lproj/InfoPlist.strings; sourceTree = "<group>"; };
		CBBA56DF13EB026E00803183 /* SimpleNet-Prefix.pch */ = {isa = PBXFileReference; lastKnownFileType = sourcecode.c.h; path = "SimpleNet-Prefix.pch"; sourceTree = "<group>"; };
		CBBA56E913EB028100803183 /* TestApp.app */ = {isa = PBXFileReference; explicitFileType = wrapper.application; includeInIndex = 0; path = TestApp.app; sourceTree = BUILT_PRODUCTS_DIR; };
		CBBA56EE13EB028100803183 /* TestApp-Info.plist */ = {isa = PBXFileReference; path = "TestApp-Info.plist"; sourceTree = "<group>"; };
		CBBA56F013EB028100803183 /* en */ = {isa = PBXFileReference; lastKnownFileType = text.plist.strings; name = en; path = en.lproj/InfoPlist.strings; sourceTree = "<group>"; };
		CBBA56F213EB028100803183 /* main.m */ = {isa = PBXFileReference; lastKnownFileType = sourcecode.c.objc; path = main.m; sourceTree = "<group>"; };
		CBBA56F413EB028100803183 /* TestApp-Prefix.pch */ = {isa = PBXFileReference; path = "TestApp-Prefix.pch"; sourceTree = "<group>"; };
		CBBA56F613EB028100803183 /* en */ = {isa = PBXFileReference; lastKnownFileType = text.rtf; name = en; path = en.lproj/Credits.rtf; sourceTree = "<group>"; };
		CBBA56F813EB028100803183 /* TestAppAppDelegate.h */ = {isa = PBXFileReference; path = TestAppAppDelegate.h; sourceTree = "<group>"; };
		CBBA56F913EB028100803183 /* TestAppAppDelegate.m */ = {isa = PBXFileReference; lastKnownFileType = sourcecode.c.objc; path = TestAppAppDelegate.m; sourceTree = "<group>"; };
		CBBA56FC13EB028100803183 /* en */ = {isa = PBXFileReference; lastKnownFileType = file.xib; name = en; path = en.lproj/MainMenu.xib; sourceTree = "<group>"; };
/* End PBXFileReference section */

/* Begin PBXFrameworksBuildPhase section */
		CBBA56CC13EB026E00803183 /* Frameworks */ = {
			isa = PBXFrameworksBuildPhase;
			buildActionMask = 2147483647;
			files = (
				CBBA56D413EB026E00803183 /* Cocoa.framework in Frameworks */,
			);
			runOnlyForDeploymentPostprocessing = 0;
		};
		CBBA56E613EB028100803183 /* Frameworks */ = {
			isa = PBXFrameworksBuildPhase;
			buildActionMask = 2147483647;
			files = (
				CBBA56EB13EB028100803183 /* Cocoa.framework in Frameworks */,
			);
			runOnlyForDeploymentPostprocessing = 0;
		};
/* End PBXFrameworksBuildPhase section */

/* Begin PBXGroup section */
		CBBA56C413EB026E00803183 = {
			isa = PBXGroup;
			children = (
				CBBA56D913EB026E00803183 /* SimpleNet */,
				CBBA56EC13EB028100803183 /* TestApp */,
				CBBA56D213EB026E00803183 /* Frameworks */,
				CBBA56D113EB026E00803183 /* Products */,
			);
			sourceTree = "<group>";
		};
		CBBA56D113EB026E00803183 /* Products */ = {
			isa = PBXGroup;
			children = (
				CBBA56D013EB026E00803183 /* SimpleNet.framework */,
				CBBA56E913EB028100803183 /* TestApp.app */,
			);
			name = Products;
			sourceTree = "<group>";
		};
		CBBA56D213EB026E00803183 /* Frameworks */ = {
			isa = PBXGroup;
			children = (
				CBBA56D313EB026E00803183 /* Cocoa.framework */,
				CBBA56D513EB026E00803183 /* Other Frameworks */,
			);
			name = Frameworks;
			sourceTree = "<group>";
		};
		CBBA56D513EB026E00803183 /* Other Frameworks */ = {
			isa = PBXGroup;
			children = (
				CBBA56D613EB026E00803183 /* AppKit.framework */,
				CBBA56D713EB026E00803183 /* CoreData.framework */,
				CBBA56D813EB026E00803183 /* Foundation.framework */,
			);
			name = "Other Frameworks";
			sourceTree = "<group>";
		};
		CBBA56D913EB026E00803183 /* SimpleNet */ = {
			isa = PBXGroup;
			children = (
				CBBA56DA13EB026E00803183 /* Supporting Files */,
			);
			path = SimpleNet;
			sourceTree = "<group>";
		};
		CBBA56DA13EB026E00803183 /* Supporting Files */ = {
			isa = PBXGroup;
			children = (
				CBBA56DB13EB026E00803183 /* SimpleNet-Info.plist */,
				CBBA56DC13EB026E00803183 /* InfoPlist.strings */,
				CBBA56DF13EB026E00803183 /* SimpleNet-Prefix.pch */,
			);
			name = "Supporting Files";
			sourceTree = "<group>";
		};
		CBBA56EC13EB028100803183 /* TestApp */ = {
			isa = PBXGroup;
			children = (
				CBBA56F813EB028100803183 /* TestAppAppDelegate.h */,
				CBBA56F913EB028100803183 /* TestAppAppDelegate.m */,
				CBBA56FB13EB028100803183 /* MainMenu.xib */,
				CBBA56ED13EB028100803183 /* Supporting Files */,
			);
			path = TestApp;
			sourceTree = "<group>";
		};
		CBBA56ED13EB028100803183 /* Supporting Files */ = {
			isa = PBXGroup;
			children = (
				CBBA56EE13EB028100803183 /* TestApp-Info.plist */,
				CBBA56EF13EB028100803183 /* InfoPlist.strings */,
				CBBA56F213EB028100803183 /* main.m */,
				CBBA56F413EB028100803183 /* TestApp-Prefix.pch */,
				CBBA56F513EB028100803183 /* Credits.rtf */,
			);
			name = "Supporting Files";
			sourceTree = "<group>";
		};
/* End PBXGroup section */

/* Begin PBXHeadersBuildPhase section */
		CBBA56CD13EB026E00803183 /* Headers */ = {
			isa = PBXHeadersBuildPhase;
			buildActionMask = 2147483647;
			files = (
			);
			runOnlyForDeploymentPostprocessing = 0;
		};
/* End PBXHeadersBuildPhase section */

/* Begin PBXNativeTarget section */
		CBBA56CF13EB026E00803183 /* SimpleNet */ = {
			isa = PBXNativeTarget;
			buildConfigurationList = CBBA56E213EB026E00803183 /* Build configuration list for PBXNativeTarget "SimpleNet" */;
			buildPhases = (
				CBBA56CB13EB026E00803183 /* Sources */,
				CBBA56CC13EB026E00803183 /* Frameworks */,
				CBBA56CD13EB026E00803183 /* Headers */,
				CBBA56CE13EB026E00803183 /* Resources */,
			);
			buildRules = (
			);
			dependencies = (
			);
			name = SimpleNet;
			productName = SimpleNet;
			productReference = CBBA56D013EB026E00803183 /* SimpleNet.framework */;
			productType = "com.apple.product-type.framework";
		};
		CBBA56E813EB028100803183 /* TestApp */ = {
			isa = PBXNativeTarget;
			buildConfigurationList = CBBA56FE13EB028100803183 /* Build configuration list for PBXNativeTarget "TestApp" */;
			buildPhases = (
				CBBA56E513EB028100803183 /* Sources */,
				CBBA56E613EB028100803183 /* Frameworks */,
				CBBA56E713EB028100803183 /* Resources */,
			);
			buildRules = (
			);
			dependencies = (
			);
			name = TestApp;
			productName = TestApp;
			productReference = CBBA56E913EB028100803183 /* TestApp.app */;
			productType = "com.apple.product-type.application";
		};
/* End PBXNativeTarget section */

/* Begin PBXProject section */
		CBBA56C613EB026E00803183 /* Project object */ = {
			isa = PBXProject;
			attributes = {
				ORGANIZATIONNAME = "Altinett AS";
			};
			buildConfigurationList = CBBA56C913EB026E00803183 /* Build configuration list for PBXProject "SimpleNet" */;
			compatibilityVersion = "Xcode 3.2";
			developmentRegion = English;
			hasScannedForEncodings = 0;
			knownRegions = (
				en,
			);
			mainGroup = CBBA56C413EB026E00803183;
			productRefGroup = CBBA56D113EB026E00803183 /* Products */;
			projectDirPath = "";
			projectRoot = "";
			targets = (
				CBBA56CF13EB026E00803183 /* SimpleNet */,
				CBBA56E813EB028100803183 /* TestApp */,
			);
		};
/* End PBXProject section */

/* Begin PBXResourcesBuildPhase section */
		CBBA56CE13EB026E00803183 /* Resources */ = {
			isa = PBXResourcesBuildPhase;
			buildActionMask = 2147483647;
			files = (
				CBBA56DE13EB026E00803183 /* InfoPlist.strings in Resources */,
			);
			runOnlyForDeploymentPostprocessing = 0;
		};
		CBBA56E713EB028100803183 /* Resources */ = {
			isa = PBXResourcesBuildPhase;
			buildActionMask = 2147483647;
			files = (
				CBBA56F113EB028100803183 /* InfoPlist.strings in Resources */,
				CBBA56F713EB028100803183 /* Credits.rtf in Resources */,
				CBBA56FD13EB028100803183 /* MainMenu.xib in Resources */,
			);
			runOnlyForDeploymentPostprocessing = 0;
		};
/* End PBXResourcesBuildPhase section */

/* Begin PBXSourcesBuildPhase section */
		CBBA56CB13EB026E00803183 /* Sources */ = {
			isa = PBXSourcesBuildPhase;
			buildActionMask = 2147483647;
			files = (
			);
			runOnlyForDeploymentPostprocessing = 0;
		};
		CBBA56E513EB028100803183 /* Sources */ = {
			isa = PBXSourcesBuildPhase;
			buildActionMask = 2147483647;
			files = (
				CBBA56F313EB028100803183 /* main.m in Sources */,
				CBBA56FA13EB028100803183 /* TestAppAppDelegate.m in Sources */,
			);
			runOnlyForDeploymentPostprocessing = 0;
		};
/* End PBXSourcesBuildPhase section */

/* Begin PBXVariantGroup section */
		CBBA56DC13EB026E00803183 /* InfoPlist.strings */ = {
			isa = PBXVariantGroup;
			children = (
				CBBA56DD13EB026E00803183 /* en */,
			);
			name = InfoPlist.strings;
			sourceTree = "<group>";
		};
		CBBA56EF13EB028100803183 /* InfoPlist.strings */ = {
			isa = PBXVariantGroup;
			children = (
				CBBA56F013EB028100803183 /* en */,
			);
			name = InfoPlist.strings;
			sourceTree = "<group>";
		};
		CBBA56F513EB028100803183 /* Credits.rtf */ = {
			isa = PBXVariantGroup;
			children = (
				CBBA56F613EB028100803183 /* en */,
			);
			name = Credits.rtf;
			sourceTree = "<group>";
		};
		CBBA56FB13EB028100803183 /* MainMenu.xib */ = {
			isa = PBXVariantGroup;
			children = (
				CBBA56FC13EB028100803183 /* en */,
			);
			name = MainMenu.xib;
			sourceTree = "<group>";
		};
/* End PBXVariantGroup section */

/* Begin XCBuildConfiguration section */
		CBBA56E013EB026E00803183 /* Debug */ = {
			isa = XCBuildConfiguration;
			buildSettings = {
				ALWAYS_SEARCH_USER_PATHS = NO;
				ARCHS = "$(ARCHS_STANDARD_32_64_BIT)";
				COPY_PHASE_STRIP = NO;
				GCC_C_LANGUAGE_STANDARD = gnu99;
				GCC_DYNAMIC_NO_PIC = NO;
				GCC_ENABLE_OBJC_EXCEPTIONS = YES;
				GCC_OPTIMIZATION_LEVEL = 0;
				GCC_PREPROCESSOR_DEFINITIONS = (
					"DEBUG=1",
					"$(inherited)",
				);
				GCC_SYMBOLS_PRIVATE_EXTERN = NO;
				GCC_VERSION = com.apple.compilers.llvm.clang.1_0;
				GCC_WARN_64_TO_32_BIT_CONVERSION = YES;
				GCC_WARN_ABOUT_MISSING_PROTOTYPES = YES;
				GCC_WARN_ABOUT_RETURN_TYPE = YES;
				GCC_WARN_UNUSED_VARIABLE = YES;
				MACOSX_DEPLOYMENT_TARGET = 10.6;
				ONLY_ACTIVE_ARCH = YES;
				SDKROOT = macosx;
			};
			name = Debug;
		};
		CBBA56E113EB026E00803183 /* Release */ = {
			isa = XCBuildConfiguration;
			buildSettings = {
				ALWAYS_SEARCH_USER_PATHS = NO;
				ARCHS = "$(ARCHS_STANDARD_32_64_BIT)";
				COPY_PHASE_STRIP = YES;
				DEBUG_INFORMATION_FORMAT = "dwarf-with-dsym";
				GCC_C_LANGUAGE_STANDARD = gnu99;
				GCC_ENABLE_OBJC_EXCEPTIONS = YES;
				GCC_VERSION = com.apple.compilers.llvm.clang.1_0;
				GCC_WARN_64_TO_32_BIT_CONVERSION = YES;
				GCC_WARN_ABOUT_MISSING_PROTOTYPES = YES;
				GCC_WARN_ABOUT_RETURN_TYPE = YES;
				GCC_WARN_UNUSED_VARIABLE = YES;
				MACOSX_DEPLOYMENT_TARGET = 10.6;
				SDKROOT = macosx;
			};
			name = Release;
		};
		CBBA56E313EB026E00803183 /* Debug */ = {
			isa = XCBuildConfiguration;
			buildSettings = {
				DYLIB_COMPATIBILITY_VERSION = 1;
				DYLIB_CURRENT_VERSION = 1;
				FRAMEWORK_VERSION = A;
				GCC_PRECOMPILE_PREFIX_HEADER = YES;
				GCC_PREFIX_HEADER = "SimpleNet/SimpleNet-Prefix.pch";
				INFOPLIST_FILE = "SimpleNet/SimpleNet-Info.plist";
				PRODUCT_NAME = "$(TARGET_NAME)";
				WRAPPER_EXTENSION = framework;
			};
			name = Debug;
		};
		CBBA56E413EB026E00803183 /* Release */ = {
			isa = XCBuildConfiguration;
			buildSettings = {
				DYLIB_COMPATIBILITY_VERSION = 1;
				DYLIB_CURRENT_VERSION = 1;
				FRAMEWORK_VERSION = A;
				GCC_PRECOMPILE_PREFIX_HEADER = YES;
				GCC_PREFIX_HEADER = "SimpleNet/SimpleNet-Prefix.pch";
				INFOPLIST_FILE = "SimpleNet/SimpleNet-Info.plist";
				PRODUCT_NAME = "$(TARGET_NAME)";
				WRAPPER_EXTENSION = framework;
			};
			name = Release;
		};
		CBBA56FF13EB028100803183 /* Debug */ = {
			isa = XCBuildConfiguration;
			buildSettings = {
				GCC_PRECOMPILE_PREFIX_HEADER = YES;
				GCC_PREFIX_HEADER = "TestApp/TestApp-Prefix.pch";
				INFOPLIST_FILE = "TestApp/TestApp-Info.plist";
				PRODUCT_NAME = "$(TARGET_NAME)";
				WRAPPER_EXTENSION = app;
			};
			name = Debug;
		};
		CBBA570013EB028100803183 /* Release */ = {
			isa = XCBuildConfiguration;
			buildSettings = {
				GCC_PRECOMPILE_PREFIX_HEADER = YES;
				GCC_PREFIX_HEADER = "TestApp/TestApp-Prefix.pch";
				INFOPLIST_FILE = "TestApp/TestApp-Info.plist";
				PRODUCT_NAME = "$(TARGET_NAME)";
				WRAPPER_EXTENSION = app;
			};
			name = Release;
		};
/* End XCBuildConfiguration section */

/* Begin XCConfigurationList section */
		CBBA56C913EB026E00803183 /* Build configuration list for PBXProject "SimpleNet" */ = {
			isa = XCConfigurationList;
			buildConfigurations = (
				CBBA56E013EB026E00803183 /* Debug */,
				CBBA56E113EB026E00803183 /* Release */,
			);
			defaultConfigurationIsVisible = 0;
			defaultConfigurationName = Release;
		};
		CBBA56E213EB026E00803183 /* Build configuration list for PBXNativeTarget "SimpleNet" */ = {
			isa = XCConfigurationList;
			buildConfigurations = (
				CBBA56E313EB026E00803183 /* Debug */,
				CBBA56E413EB026E00803183 /* Release */,
			);
			defaultConfigurationIsVisible = 0;
		};
		CBBA56FE13EB028100803183 /* Build configuration list for PBXNativeTarget "TestApp" */ = {
			isa = XCConfigurationList;
			buildConfigurations = (
				CBBA56FF13EB028100803183 /* Debug */,
				CBBA570013EB028100803183 /* Release */,
			);
			defaultConfigurationIsVisible = 0;
		};
/* End XCConfigurationList section */
	};
	rootObject = CBBA56C613EB026E00803183 /* Project object */;
}
